
Microsoft Visual Studio Solution File, Format Version 12.00
# Visual Studio Version 17
VisualStudioVersion = 17.0.32112.339
MinimumVisualStudioVersion = 10.0.40219.1
Project("{FAE04EC0-301F-11D3-BF4B-00C04F79EFBC}") = "Practical 5", "Practical 5\Practical 5.csproj", "{DC5A5032-DDFC-4231-B5C9-488ADC0808F2}"
EndProject
Global
	GlobalSection(SolutionConfigurationPlatforms) = preSolution
		Debug|Any CPU = Debug|Any CPU
		Release|Any CPU = Release|Any CPU
	EndGlobalSection
	GlobalSection(ProjectConfigurationPlatforms) = postSolution
		{DC5A5032-DDFC-4231-B5C9-488ADC0808F2}.Debug|Any CPU.ActiveCfg = Debug|Any CPU
		{DC5A5032-DDFC-4231-B5C9-488ADC0808F2}.Debug|Any CPU.Build.0 = Debug|Any CPU
		{DC5A5032-DDFC-4231-B5C9-488ADC0808F2}.Release|Any CPU.ActiveCfg = Release|Any CPU
		{DC5A5032-DDFC-4231-B5C9-488ADC0808F2}.Release|Any CPU.Build.0 = Release|Any CPU
	EndGlobalSection
	GlobalSection(SolutionProperties) = preSolution
		HideSolutionNode = FALSE
	EndGlobalSection
	GlobalSection(ExtensibilityGlobals) = postSolution
		SolutionGuid = {E9AAE069-BBC0-4783-952C-B847839C5AA2}
	EndGlobalSection
EndGlobal
